
Microsoft Visual Studio Solution File, Format Version 12.00
# Visual Studio 15
VisualStudioVersion = 15.0.28010.2016
MinimumVisualStudioVersion = 10.0.40219.1
Project("{FAE04EC0-301F-11D3-BF4B-00C04F79EFBC}") = "ExportTest", "ExportTest\ExportTest.csproj", "{6F7CA252-14AC-4ECD-8BF6-AED22E8E3425}"
EndProject
Project("{FAE04EC0-301F-11D3-BF4B-00C04F79EFBC}") = "NetExcel", "NetExcel\NetExcel.csproj", "{2976EC27-DD16-4FAE-A96D-9E8705D06106}"
EndProject
Global
	GlobalSection(SolutionConfigurationPlatforms) = preSolution
		Debug|Any CPU = Debug|Any CPU
		Release|Any CPU = Release|Any CPU
	EndGlobalSection
	GlobalSection(ProjectConfigurationPlatforms) = postSolution
		{6F7CA252-14AC-4ECD-8BF6-AED22E8E3425}.Debug|Any CPU.ActiveCfg = Debug|Any CPU
		{6F7CA252-14AC-4ECD-8BF6-AED22E8E3425}.Debug|Any CPU.Build.0 = Debug|Any CPU
		{6F7CA252-14AC-4ECD-8BF6-AED22E8E3425}.Release|Any CPU.ActiveCfg = Release|Any CPU
		{6F7CA252-14AC-4ECD-8BF6-AED22E8E3425}.Release|Any CPU.Build.0 = Release|Any CPU
		{2976EC27-DD16-4FAE-A96D-9E8705D06106}.Debug|Any CPU.ActiveCfg = Debug|Any CPU
		{2976EC27-DD16-4FAE-A96D-9E8705D06106}.Debug|Any CPU.Build.0 = Debug|Any CPU
		{2976EC27-DD16-4FAE-A96D-9E8705D06106}.Release|Any CPU.ActiveCfg = Release|Any CPU
		{2976EC27-DD16-4FAE-A96D-9E8705D06106}.Release|Any CPU.Build.0 = Release|Any CPU
	EndGlobalSection
	GlobalSection(SolutionProperties) = preSolution
		HideSolutionNode = FALSE
	EndGlobalSection
	GlobalSection(ExtensibilityGlobals) = postSolution
		SolutionGuid = {1459CB98-4665-40B2-85A4-4910BC93BD2E}
	EndGlobalSection
EndGlobal
